
Microsoft Visual Studio Solution File, Format Version 12.00
# Visual Studio 15
VisualStudioVersion = 15.0.28307.1062
MinimumVisualStudioVersion = 10.0.40219.1
Project("{FAE04EC0-301F-11D3-BF4B-00C04F79EFBC}") = "MBezverkhnii_301287637", "MBezverkhnii_301287637\MBezverkhnii_301287637.csproj", "{A1F95A02-B0D9-4C1B-B115-A9B0BBBA30FD}"
EndProject
Global
	GlobalSection(SolutionConfigurationPlatforms) = preSolution
		Debug|Any CPU = Debug|Any CPU
		Release|Any CPU = Release|Any CPU
	EndGlobalSection
	GlobalSection(ProjectConfigurationPlatforms) = postSolution
		{A1F95A02-B0D9-4C1B-B115-A9B0BBBA30FD}.Debug|Any CPU.ActiveCfg = Debug|Any CPU
		{A1F95A02-B0D9-4C1B-B115-A9B0BBBA30FD}.Debug|Any CPU.Build.0 = Debug|Any CPU
		{A1F95A02-B0D9-4C1B-B115-A9B0BBBA30FD}.Release|Any CPU.ActiveCfg = Release|Any CPU
		{A1F95A02-B0D9-4C1B-B115-A9B0BBBA30FD}.Release|Any CPU.Build.0 = Release|Any CPU
	EndGlobalSection
	GlobalSection(SolutionProperties) = preSolution
		HideSolutionNode = FALSE
	EndGlobalSection
	GlobalSection(ExtensibilityGlobals) = postSolution
		SolutionGuid = {05620C30-70E1-4222-80BE-D79966AA31A6}
	EndGlobalSection
EndGlobal
