
Microsoft Visual Studio Solution File, Format Version 12.00
# Visual Studio Version 16
VisualStudioVersion = 25.0.1704.1
MinimumVisualStudioVersion = 10.0.40219.1
Project("{FAE04EC0-301F-11D3-BF4B-00C04F79EFBC}") = "LAB1_301287637", "LAB1_301287637\LAB1_301287637.csproj", "{4350B039-A286-4755-9950-B6C95E54CA99}"
EndProject
Global
	GlobalSection(SolutionConfigurationPlatforms) = preSolution
		Debug|Any CPU = Debug|Any CPU
		Release|Any CPU = Release|Any CPU
	EndGlobalSection
	GlobalSection(ProjectConfigurationPlatforms) = postSolution
		{4350B039-A286-4755-9950-B6C95E54CA99}.Debug|Any CPU.ActiveCfg = Debug|Any CPU
		{4350B039-A286-4755-9950-B6C95E54CA99}.Debug|Any CPU.Build.0 = Debug|Any CPU
		{4350B039-A286-4755-9950-B6C95E54CA99}.Release|Any CPU.ActiveCfg = Release|Any CPU
		{4350B039-A286-4755-9950-B6C95E54CA99}.Release|Any CPU.Build.0 = Release|Any CPU
	EndGlobalSection
	GlobalSection(SolutionProperties) = preSolution
		HideSolutionNode = FALSE
	EndGlobalSection
	GlobalSection(ExtensibilityGlobals) = postSolution
		SolutionGuid = {F3316FB1-BFA4-4C27-8150-168AB92AF470}
	EndGlobalSection
EndGlobal
